Microsoft Visual Studio Solution File, Format Version 11.00
# Visual Studio 2008

Project("{E800B182-2826-732A-1A82-3B61C3AA6243}") = "迷宫", "Assembly-CSharp.csproj", "{3EBB0DB9-F4B0-9001-E173-8A3448DEABF3}"
EndProject
Project("{E800B182-2826-732A-1A82-3B61C3AA6243}") = "迷宫", "Assembly-CSharp-Editor.csproj", "{01B894ED-900A-1761-0144-CCF330795C22}"
EndProject
Project("{E800B182-2826-732A-1A82-3B61C3AA6243}") = "迷宫", "Assembly-UnityScript.unityproj", "{5B6A4044-BF08-C317-007D-BB71E42B9FDD}"
EndProject
Global
	GlobalSection(SolutionConfigurationPlatforms) = preSolution
		Debug|Any CPU = Debug|Any CPU
		Release|Any CPU = Release|Any CPU
	EndGlobalSection
	GlobalSection(ProjectConfigurationPlatforms) = postSolution
		{3EBB0DB9-F4B0-9001-E173-8A3448DEABF3}.Debug|Any CPU.ActiveCfg = Debug|Any CPU
		{3EBB0DB9-F4B0-9001-E173-8A3448DEABF3}.Debug|Any CPU.Build.0 = Debug|Any CPU
		{3EBB0DB9-F4B0-9001-E173-8A3448DEABF3}.Release|Any CPU.ActiveCfg = Release|Any CPU
		{3EBB0DB9-F4B0-9001-E173-8A3448DEABF3}.Release|Any CPU.Build.0 = Release|Any CPU
		{01B894ED-900A-1761-0144-CCF330795C22}.Debug|Any CPU.ActiveCfg = Debug|Any CPU
		{01B894ED-900A-1761-0144-CCF330795C22}.Debug|Any CPU.Build.0 = Debug|Any CPU
		{01B894ED-900A-1761-0144-CCF330795C22}.Release|Any CPU.ActiveCfg = Release|Any CPU
		{01B894ED-900A-1761-0144-CCF330795C22}.Release|Any CPU.Build.0 = Release|Any CPU
		{5B6A4044-BF08-C317-007D-BB71E42B9FDD}.Debug|Any CPU.ActiveCfg = Debug|Any CPU
		{5B6A4044-BF08-C317-007D-BB71E42B9FDD}.Debug|Any CPU.Build.0 = Debug|Any CPU
		{5B6A4044-BF08-C317-007D-BB71E42B9FDD}.Release|Any CPU.ActiveCfg = Release|Any CPU
		{5B6A4044-BF08-C317-007D-BB71E42B9FDD}.Release|Any CPU.Build.0 = Release|Any CPU
	EndGlobalSection
	GlobalSection(SolutionProperties) = preSolution
		HideSolutionNode = FALSE
	EndGlobalSection
																																									GlobalSection(MonoDevelopProperties) = preSolution
		StartupItem = Assembly-CSharp.csproj
		Policies = $0
		$0.TextStylePolicy = $1
		$1.inheritsSet = null
		$1.scope = text/x-csharp
		$0.CSharpFormattingPolicy = $2
		$2.inheritsSet = Mono
		$2.inheritsScope = text/x-csharp
		$2.scope = text/x-csharp
		$0.TextStylePolicy = $3
		$3.FileWidth = 120
		$3.TabWidth = 4
		$3.EolMarker = Unix
		$3.inheritsSet = Mono
		$3.inheritsScope = text/plain
		$3.scope = text/plain
	EndGlobalSection

EndGlobal
